
Microsoft Visual Studio Solution File, Format Version 12.00
# Visual Studio 2013
VisualStudioVersion = 12.0.21005.1
MinimumVisualStudioVersion = 10.0.40219.1
Project("{FAE04EC0-301F-11D3-BF4B-00C04F79EFBC}") = "IocPatterns", "IocPatterns\IocPatterns.csproj", "{632B560D-3E02-4E1C-88E8-B5940E58DCAB}"
EndProject
Global
	GlobalSection(SolutionConfigurationPlatforms) = preSolution
		Debug|Any CPU = Debug|Any CPU
		Release|Any CPU = Release|Any CPU
	EndGlobalSection
	GlobalSection(ProjectConfigurationPlatforms) = postSolution
		{632B560D-3E02-4E1C-88E8-B5940E58DCAB}.Debug|Any CPU.ActiveCfg = Debug|Any CPU
		{632B560D-3E02-4E1C-88E8-B5940E58DCAB}.Debug|Any CPU.Build.0 = Debug|Any CPU
		{632B560D-3E02-4E1C-88E8-B5940E58DCAB}.Release|Any CPU.ActiveCfg = Release|Any CPU
		{632B560D-3E02-4E1C-88E8-B5940E58DCAB}.Release|Any CPU.Build.0 = Release|Any CPU
	EndGlobalSection
	GlobalSection(SolutionProperties) = preSolution
		HideSolutionNode = FALSE
	EndGlobalSection
EndGlobal
